Microsoft Visual Studio Solution File, Format Version 11.00
# Visual Studio 2008

Project("{5E1620F3-9562-AF5E-B7F4-88BFE3DDFF86}") = "GameJam02", "Assembly-CSharp-firstpass.csproj", "{5502B80F-82E3-0EDD-35FC-86C5EA818440}"
EndProject
Project("{5E1620F3-9562-AF5E-B7F4-88BFE3DDFF86}") = "GameJam02", "Assembly-CSharp.csproj", "{6B3C9C19-82B2-13AF-62DF-4D722DB5F84C}"
EndProject
Project("{5E1620F3-9562-AF5E-B7F4-88BFE3DDFF86}") = "GameJam02", "Assembly-CSharp-Editor.csproj", "{729F155D-6C82-2622-19FA-BD5FE6B043A5}"
EndProject
Global
	GlobalSection(SolutionConfigurationPlatforms) = preSolution
		Debug|Any CPU = Debug|Any CPU
		Release|Any CPU = Release|Any CPU
	EndGlobalSection
	GlobalSection(ProjectConfigurationPlatforms) = postSolution
		{5502B80F-82E3-0EDD-35FC-86C5EA818440}.Debug|Any CPU.ActiveCfg = Debug|Any CPU
		{5502B80F-82E3-0EDD-35FC-86C5EA818440}.Debug|Any CPU.Build.0 = Debug|Any CPU
		{5502B80F-82E3-0EDD-35FC-86C5EA818440}.Release|Any CPU.ActiveCfg = Release|Any CPU
		{5502B80F-82E3-0EDD-35FC-86C5EA818440}.Release|Any CPU.Build.0 = Release|Any CPU
		{6B3C9C19-82B2-13AF-62DF-4D722DB5F84C}.Debug|Any CPU.ActiveCfg = Debug|Any CPU
		{6B3C9C19-82B2-13AF-62DF-4D722DB5F84C}.Debug|Any CPU.Build.0 = Debug|Any CPU
		{6B3C9C19-82B2-13AF-62DF-4D722DB5F84C}.Release|Any CPU.ActiveCfg = Release|Any CPU
		{6B3C9C19-82B2-13AF-62DF-4D722DB5F84C}.Release|Any CPU.Build.0 = Release|Any CPU
		{729F155D-6C82-2622-19FA-BD5FE6B043A5}.Debug|Any CPU.ActiveCfg = Debug|Any CPU
		{729F155D-6C82-2622-19FA-BD5FE6B043A5}.Debug|Any CPU.Build.0 = Debug|Any CPU
		{729F155D-6C82-2622-19FA-BD5FE6B043A5}.Release|Any CPU.ActiveCfg = Release|Any CPU
		{729F155D-6C82-2622-19FA-BD5FE6B043A5}.Release|Any CPU.Build.0 = Release|Any CPU
	EndGlobalSection
	GlobalSection(SolutionProperties) = preSolution
		HideSolutionNode = FALSE
	EndGlobalSection
	GlobalSection(MonoDevelopProperties) = preSolution
		StartupItem = Assembly-CSharp.csproj
	EndGlobalSection
EndGlobal
